// !$*UTF8*$!
{
	archiveVersion = 1;
	classes = {
	};
	objectVersion = 55;
	objects = {

/* Begin PBXBuildFile section */
		92DF33542835BA0E0002C84F /* SwiftUI_MapKitApp.swift in Sources */ = {isa = PBXBuildFile; fileRef = 92DF33532835BA0E0002C84F /* SwiftUI_MapKitApp.swift */; };
		92DF33562835BA0E0002C84F /* ContentView.swift in Sources */ = {isa = PBXBuildFile; fileRef = 92DF33552835BA0E0002C84F /* ContentView.swift */; };
		92DF33582835BA0F0002C84F /* Assets.xcassets in Resources */ = {isa = PBXBuildFile; fileRef = 92DF33572835BA0F0002C84F /* Assets.xcassets */; };
		92DF335B2835BA0F0002C84F /* Preview Assets.xcassets in Resources */ = {isa = PBXBuildFile; fileRef = 92DF335A2835BA0F0002C84F /* Preview Assets.xcassets */; };
		92DF33632835BA330002C84F /* MKMap.swift in Sources */ = {isa = PBXBuildFile; fileRef = 92DF33622835BA330002C84F /* MKMap.swift */; };
		92DF33672835BAF90002C84F /* CustomMKAnnotation.swift in Sources */ = {isa = PBXBuildFile; fileRef = 92DF33662835BAF90002C84F /* CustomMKAnnotation.swift */; };
		92DF33692835C9CC0002C84F /* StringExtensions.swift in Sources */ = {isa = PBXBuildFile; fileRef = 92DF33682835C9CC0002C84F /* StringExtensions.swift */; };
/* End PBXBuildFile section */

/* Begin PBXFileReference section */
		92DF33502835BA0E0002C84F /* SwiftUI MapKit.app */ = {isa = PBXFileReference; explicitFileType = wrapper.application; includeInIndex = 0; path = "SwiftUI MapKit.app"; sourceTree = BUILT_PRODUCTS_DIR; };
		92DF33532835BA0E0002C84F /* SwiftUI_MapKitApp.swift */ = {isa = PBXFileReference; lastKnownFileType = sourcecode.swift; path = SwiftUI_MapKitApp.swift; sourceTree = "<group>"; };
		92DF33552835BA0E0002C84F /* ContentView.swift */ = {isa = PBXFileReference; lastKnownFileType = sourcecode.swift; path = ContentView.swift; sourceTree = "<group>"; };
		92DF33572835BA0F0002C84F /* Assets.xcassets */ = {isa = PBXFileReference; lastKnownFileType = folder.assetcatalog; path = Assets.xcassets; sourceTree = "<group>"; };
		92DF335A2835BA0F0002C84F /* Preview Assets.xcassets */ = {isa = PBXFileReference; lastKnownFileType = folder.assetcatalog; path = "Preview Assets.xcassets"; sourceTree = "<group>"; };
		92DF33622835BA330002C84F /* MKMap.swift */ = {isa = PBXFileReference; lastKnownFileType = sourcecode.swift; path = MKMap.swift; sourceTree = "<group>"; };
		92DF33662835BAF90002C84F /* CustomMKAnnotation.swift */ = {isa = PBXFileReference; lastKnownFileType = sourcecode.swift; path = CustomMKAnnotation.swift; sourceTree = "<group>"; };
		92DF33682835C9CC0002C84F /* StringExtensions.swift */ = {isa = PBXFileReference; lastKnownFileType = sourcecode.swift; path = StringExtensions.swift; sourceTree = "<group>"; };
/* End PBXFileReference section */

/* Begin PBXFrameworksBuildPhase section */
		92DF334D2835BA0E0002C84F /* Frameworks */ = {
			isa = PBXFrameworksBuildPhase;
			buildActionMask = 2147483647;
			files = (
			);
			runOnlyForDeploymentPostprocessing = 0;
		};
/* End PBXFrameworksBuildPhase section */

/* Begin PBXGroup section */
		92DF33472835BA0E0002C84F = {
			isa = PBXGroup;
			children = (
				92DF33522835BA0E0002C84F /* SwiftUI MapKit */,
				92DF33512835BA0E0002C84F /* Products */,
			);
			sourceTree = "<group>";
		};
		92DF33512835BA0E0002C84F /* Products */ = {
			isa = PBXGroup;
			children = (
				92DF33502835BA0E0002C84F /* SwiftUI MapKit.app */,
			);
			name = Products;
			sourceTree = "<group>";
		};
		92DF33522835BA0E0002C84F /* SwiftUI MapKit */ = {
			isa = PBXGroup;
			children = (
				92DF33682835C9CC0002C84F /* StringExtensions.swift */,
				92DF33612835BA230002C84F /* Map */,
				92DF33532835BA0E0002C84F /* SwiftUI_MapKitApp.swift */,
				92DF33552835BA0E0002C84F /* ContentView.swift */,
				92DF33572835BA0F0002C84F /* Assets.xcassets */,
				92DF33592835BA0F0002C84F /* Preview Content */,
			);
			path = "SwiftUI MapKit";
			sourceTree = "<group>";
		};
		92DF33592835BA0F0002C84F /* Preview Content */ = {
			isa = PBXGroup;
			children = (
				92DF335A2835BA0F0002C84F /* Preview Assets.xcassets */,
			);
			path = "Preview Content";
			sourceTree = "<group>";
		};
		92DF33612835BA230002C84F /* Map */ = {
			isa = PBXGroup;
			children = (
				92DF33622835BA330002C84F /* MKMap.swift */,
				92DF33662835BAF90002C84F /* CustomMKAnnotation.swift */,
			);
			path = Map;
			sourceTree = "<group>";
		};
/* End PBXGroup section */

/* Begin PBXNativeTarget section */
		92DF334F2835BA0E0002C84F /* SwiftUI MapKit */ = {
			isa = PBXNativeTarget;
			buildConfigurationList = 92DF335E2835BA0F0002C84F /* Build configuration list for PBXNativeTarget "SwiftUI MapKit" */;
			buildPhases = (
				92DF334C2835BA0E0002C84F /* Sources */,
				92DF334D2835BA0E0002C84F /* Frameworks */,
				92DF334E2835BA0E0002C84F /* Resources */,
			);
			buildRules = (
			);
			dependencies = (
			);
			name = "SwiftUI MapKit";
			productName = "SwiftUI MapKit";
			productReference = 92DF33502835BA0E0002C84F /* SwiftUI MapKit.app */;
			productType = "com.apple.product-type.application";
		};
/* End PBXNativeTarget section */

/* Begin PBXProject section */
		92DF33482835BA0E0002C84F /* Project object */ = {
			isa = PBXProject;
			attributes = {
				BuildIndependentTargetsInParallel = 1;
				LastSwiftUpdateCheck = 1330;
				LastUpgradeCheck = 1330;
				TargetAttributes = {
					92DF334F2835BA0E0002C84F = {
						CreatedOnToolsVersion = 13.3.1;
					};
				};
			};
			buildConfigurationList = 92DF334B2835BA0E0002C84F /* Build configuration list for PBXProject "SwiftUI MapKit" */;
			compatibilityVersion = "Xcode 13.0";
			developmentRegion = en;
			hasScannedForEncodings = 0;
			knownRegions = (
				en,
				Base,
			);
			mainGroup = 92DF33472835BA0E0002C84F;
			productRefGroup = 92DF33512835BA0E0002C84F /* Products */;
			projectDirPath = "";
			projectRoot = "";
			targets = (
				92DF334F2835BA0E0002C84F /* SwiftUI MapKit */,
			);
		};
/* End PBXProject section */

/* Begin PBXResourcesBuildPhase section */
		92DF334E2835BA0E0002C84F /* Resources */ = {
			isa = PBXResourcesBuildPhase;
			buildActionMask = 2147483647;
			files = (
				92DF335B2835BA0F0002C84F /* Preview Assets.xcassets in Resources */,
				92DF33582835BA0F0002C84F /* Assets.xcassets in Resources */,
			);
			runOnlyForDeploymentPostprocessing = 0;
		};
/* End PBXResourcesBuildPhase section */

/* Begin PBXSourcesBuildPhase section */
		92DF334C2835BA0E0002C84F /* Sources */ = {
			isa = PBXSourcesBuildPhase;
			buildActionMask = 2147483647;
			files = (
				92DF33562835BA0E0002C84F /* ContentView.swift in Sources */,
				92DF33632835BA330002C84F /* MKMap.swift in Sources */,
				92DF33692835C9CC0002C84F /* StringExtensions.swift in Sources */,
				92DF33672835BAF90002C84F /* CustomMKAnnotation.swift in Sources */,
				92DF33542835BA0E0002C84F /* SwiftUI_MapKitApp.swift in Sources */,
			);
			runOnlyForDeploymentPostprocessing = 0;
		};
/* End PBXSourcesBuildPhase section */

/* Begin XCBuildConfiguration section */
		92DF335C2835BA0F0002C84F /* Debug */ = {
			isa = XCBuildConfiguration;
			buildSettings = {
				ALWAYS_SEARCH_USER_PATHS = NO;
				CLANG_ANALYZER_NONNULL = YES;
				CLANG_ANALYZER_NUMBER_OBJECT_CONVERSION = YES_AGGRESSIVE;
				CLANG_CXX_LANGUAGE_STANDARD = "gnu++17";
				CLANG_ENABLE_MODULES = YES;
				CLANG_ENABLE_OBJC_ARC = YES;
				CLANG_ENABLE_OBJC_WEAK = YES;
				CLANG_WARN_BLOCK_CAPTURE_AUTORELEASING = YES;
				CLANG_WARN_BOOL_CONVERSION = YES;
				CLANG_WARN_COMMA = YES;
				CLANG_WARN_CONSTANT_CONVERSION = YES;
				CLANG_WARN_DEPRECATED_OBJC_IMPLEMENTATIONS = YES;
				CLANG_WARN_DIRECT_OBJC_ISA_USAGE = YES_ERROR;
				CLANG_WARN_DOCUMENTATION_COMMENTS = YES;
				CLANG_WARN_EMPTY_BODY = YES;
				CLANG_WARN_ENUM_CONVERSION = YES;
				CLANG_WARN_INFINITE_RECURSION = YES;
				CLANG_WARN_INT_CONVERSION = YES;
				CLANG_WARN_NON_LITERAL_NULL_CONVERSION = YES;
				CLANG_WARN_OBJC_IMPLICIT_RETAIN_SELF = YES;
				CLANG_WARN_OBJC_LITERAL_CONVERSION = YES;
				CLANG_WARN_OBJC_ROOT_CLASS = YES_ERROR;
				CLANG_WARN_QUOTED_INCLUDE_IN_FRAMEWORK_HEADER = YES;
				CLANG_WARN_RANGE_LOOP_ANALYSIS = YES;
				CLANG_WARN_STRICT_PROTOTYPES = YES;
				CLANG_WARN_SUSPICIOUS_MOVE = YES;
				CLANG_WARN_UNGUARDED_AVAILABILITY = YES_AGGRESSIVE;
				CLANG_WARN_UNREACHABLE_CODE = YES;
				CLANG_WARN__DUPLICATE_METHOD_MATCH = YES;
				COPY_PHASE_STRIP = NO;
				DEBUG_INFORMATION_FORMAT = dwarf;
				ENABLE_STRICT_OBJC_MSGSEND = YES;
				ENABLE_TESTABILITY = YES;
				GCC_C_LANGUAGE_STANDARD = gnu11;
				GCC_DYNAMIC_NO_PIC = NO;
				GCC_NO_COMMON_BLOCKS = YES;
				GCC_OPTIMIZATION_LEVEL = 0;
				GCC_PREPROCESSOR_DEFINITIONS = (
					"DEBUG=1",
					"$(inherited)",
				);
				GCC_WARN_64_TO_32_BIT_CONVERSION = YES;
				GCC_WARN_ABOUT_RETURN_TYPE = YES_ERROR;
				GCC_WARN_UNDECLARED_SELECTOR = YES;
				GCC_WARN_UNINITIALIZED_AUTOS = YES_AGGRESSIVE;
				GCC_WARN_UNUSED_FUNCTION = YES;
				GCC_WARN_UNUSED_VARIABLE = YES;
				IPHONEOS_DEPLOYMENT_TARGET = 15.4;
				MTL_ENABLE_DEBUG_INFO = INCLUDE_SOURCE;
				MTL_FAST_MATH = YES;
				ONLY_ACTIVE_ARCH = YES;
				SDKROOT = iphoneos;
				SWIFT_ACTIVE_COMPILATION_CONDITIONS = DEBUG;
				SWIFT_OPTIMIZATION_LEVEL = "-Onone";
			};
			name = Debug;
		};
		92DF335D2835BA0F0002C84F /* Release */ = {
			isa = XCBuildConfiguration;
			buildSettings = {
				ALWAYS_SEARCH_USER_PATHS = NO;
				CLANG_ANALYZER_NONNULL = YES;
				CLANG_ANALYZER_NUMBER_OBJECT_CONVERSION = YES_AGGRESSIVE;
				CLANG_CXX_LANGUAGE_STANDARD = "gnu++17";
				CLANG_ENABLE_MODULES = YES;
				CLANG_ENABLE_OBJC_ARC = YES;
				CLANG_ENABLE_OBJC_WEAK = YES;
				CLANG_WARN_BLOCK_CAPTURE_AUTORELEASING = YES;
				CLANG_WARN_BOOL_CONVERSION = YES;
				CLANG_WARN_COMMA = YES;
				CLANG_WARN_CONSTANT_CONVERSION = YES;
				CLANG_WARN_DEPRECATED_OBJC_IMPLEMENTATIONS = YES;
				CLANG_WARN_DIRECT_OBJC_ISA_USAGE = YES_ERROR;
				CLANG_WARN_DOCUMENTATION_COMMENTS = YES;
				CLANG_WARN_EMPTY_BODY = YES;
				CLANG_WARN_ENUM_CONVERSION = YES;
				CLANG_WARN_INFINITE_RECURSION = YES;
				CLANG_WARN_INT_CONVERSION = YES;
				CLANG_WARN_NON_LITERAL_NULL_CONVERSION = YES;
				CLANG_WARN_OBJC_IMPLICIT_RETAIN_SELF = YES;
				CLANG_WARN_OBJC_LITERAL_CONVERSION = YES;
				CLANG_WARN_OBJC_ROOT_CLASS = YES_ERROR;
				CLANG_WARN_QUOTED_INCLUDE_IN_FRAMEWORK_HEADER = YES;
				CLANG_WARN_RANGE_LOOP_ANALYSIS = YES;
				CLANG_WARN_STRICT_PROTOTYPES = YES;
				CLANG_WARN_SUSPICIOUS_MOVE = YES;
				CLANG_WARN_UNGUARDED_AVAILABILITY = YES_AGGRESSIVE;
				CLANG_WARN_UNREACHABLE_CODE = YES;
				CLANG_WARN__DUPLICATE_METHOD_MATCH = YES;
				COPY_PHASE_STRIP = NO;
				DEBUG_INFORMATION_FORMAT = "dwarf-with-dsym";
				ENABLE_NS_ASSERTIONS = NO;
				ENABLE_STRICT_OBJC_MSGSEND = YES;
				GCC_C_LANGUAGE_STANDARD = gnu11;
				GCC_NO_COMMON_BLOCKS = YES;
				GCC_WARN_64_TO_32_BIT_CONVERSION = YES;
				GCC_WARN_ABOUT_RETURN_TYPE = YES_ERROR;
				GCC_WARN_UNDECLARED_SELECTOR = YES;
				GCC_WARN_UNINITIALIZED_AUTOS = YES_AGGRESSIVE;
				GCC_WARN_UNUSED_FUNCTION = YES;
				GCC_WARN_UNUSED_VARIABLE = YES;
				IPHONEOS_DEPLOYMENT_TARGET = 15.4;
				MTL_ENABLE_DEBUG_INFO = NO;
				MTL_FAST_MATH = YES;
				SDKROOT = iphoneos;
				SWIFT_COMPILATION_MODE = wholemodule;
				SWIFT_OPTIMIZATION_LEVEL = "-O";
				VALIDATE_PRODUCT = YES;
			};
			name = Release;
		};
		92DF335F2835BA0F0002C84F /* Debug */ = {
			isa = XCBuildConfiguration;
			buildSettings = {
				ASSETCATALOG_COMPILER_APPICON_NAME = AppIcon;
				ASSETCATALOG_COMPILER_GLOBAL_ACCENT_COLOR_NAME = AccentColor;
				CODE_SIGN_STYLE = Automatic;
				CURRENT_PROJECT_VERSION = 1;
				DEVELOPMENT_ASSET_PATHS = "\"SwiftUI MapKit/Preview Content\"";
				DEVELOPMENT_TEAM = 89U6PQRFL7;
				ENABLE_PREVIEWS = YES;
				GENERATE_INFOPLIST_FILE = YES;
				INFOPLIST_KEY_UIApplicationSceneManifest_Generation = YES;
				INFOPLIST_KEY_UIApplicationSupportsIndirectInputEvents = YES;
				INFOPLIST_KEY_UILaunchScreen_Generation = YES;
				INFOPLIST_KEY_UISupportedInterfaceOrientations_iPad = "UIInterfaceOrientationPortrait UIInterfaceOrientationPortraitUpsideDown UIInterfaceOrientationLandscapeLeft UIInterfaceOrientationLandscapeRight";
				INFOPLIST_KEY_UISupportedInterfaceOrientations_iPhone = "UIInterfaceOrientationPortrait UIInterfaceOrientationLandscapeLeft UIInterfaceOrientationLandscapeRight";
				LD_RUNPATH_SEARCH_PATHS = (
					"$(inherited)",
					"@executable_path/Frameworks",
				);
				MARKETING_VERSION = 1.0;
				PRODUCT_BUNDLE_IDENTIFIER = "com.akatz.SwiftUI-MapKit";
				PRODUCT_NAME = "$(TARGET_NAME)";
				SWIFT_EMIT_LOC_STRINGS = YES;
				SWIFT_VERSION = 5.0;
				TARGETED_DEVICE_FAMILY = "1,2";
			};
			name = Debug;
		};
		92DF33602835BA0F0002C84F /* Release */ = {
			isa = XCBuildConfiguration;
			buildSettings = {
				ASSETCATALOG_COMPILER_APPICON_NAME = AppIcon;
				ASSETCATALOG_COMPILER_GLOBAL_ACCENT_COLOR_NAME = AccentColor;
				CODE_SIGN_STYLE = Automatic;
				CURRENT_PROJECT_VERSION = 1;
				DEVELOPMENT_ASSET_PATHS = "\"SwiftUI MapKit/Preview Content\"";
				DEVELOPMENT_TEAM = 89U6PQRFL7;
				ENABLE_PREVIEWS = YES;
				GENERATE_INFOPLIST_FILE = YES;
				INFOPLIST_KEY_UIApplicationSceneManifest_Generation = YES;
				INFOPLIST_KEY_UIApplicationSupportsIndirectInputEvents = YES;
				INFOPLIST_KEY_UILaunchScreen_Generation = YES;
				INFOPLIST_KEY_UISupportedInterfaceOrientations_iPad = "UIInterfaceOrientationPortrait UIInterfaceOrientationPortraitUpsideDown UIInterfaceOrientationLandscapeLeft UIInterfaceOrientationLandscapeRight";
				INFOPLIST_KEY_UISupportedInterfaceOrientations_iPhone = "UIInterfaceOrientationPortrait UIInterfaceOrientationLandscapeLeft UIInterfaceOrientationLandscapeRight";
				LD_RUNPATH_SEARCH_PATHS = (
					"$(inherited)",
					"@executable_path/Frameworks",
				);
				MARKETING_VERSION = 1.0;
				PRODUCT_BUNDLE_IDENTIFIER = "com.akatz.SwiftUI-MapKit";
				PRODUCT_NAME = "$(TARGET_NAME)";
				SWIFT_EMIT_LOC_STRINGS = YES;
				SWIFT_VERSION = 5.0;
				TARGETED_DEVICE_FAMILY = "1,2";
			};
			name = Release;
		};
/* End XCBuildConfiguration section */

/* Begin XCConfigurationList section */
		92DF334B2835BA0E0002C84F /* Build configuration list for PBXProject "SwiftUI MapKit" */ = {
			isa = XCConfigurationList;
			buildConfigurations = (
				92DF335C2835BA0F0002C84F /* Debug */,
				92DF335D2835BA0F0002C84F /* Release */,
			);
			defaultConfigurationIsVisible = 0;
			defaultConfigurationName = Release;
		};
		92DF335E2835BA0F0002C84F /* Build configuration list for PBXNativeTarget "SwiftUI MapKit" */ = {
			isa = XCConfigurationList;
			buildConfigurations = (
				92DF335F2835BA0F0002C84F /* Debug */,
				92DF33602835BA0F0002C84F /* Release */,
			);
			defaultConfigurationIsVisible = 0;
			defaultConfigurationName = Release;
		};
/* End XCConfigurationList section */
	};
	rootObject = 92DF33482835BA0E0002C84F /* Project object */;
}
